
Microsoft Visual Studio Solution File, Format Version 12.00
# Visual Studio Version 16
VisualStudioVersion = 16.0.30001.183
MinimumVisualStudioVersion = 10.0.40219.1
Project("{9A19103F-16F7-4668-BE54-9A1E7A4F7556}") = "JaraIOControlAbstractions", "JaraIOControlAbstractions\JaraIOControlAbstractions.csproj", "{98601D63-582C-4BB8-A829-9D26E6A0F0E1}"
EndProject
Project("{2150E333-8FDC-42A3-9474-1A3956D46DE8}") = "AttachedAttributes", "AttachedAttributes", "{8AA055A6-42E1-42D8-8EA6-B2031CC4D322}"
EndProject
Project("{2150E333-8FDC-42A3-9474-1A3956D46DE8}") = "Platforms", "Platforms", "{07977804-5069-4C88-B9B4-6114F6120F97}"
EndProject
Project("{2150E333-8FDC-42A3-9474-1A3956D46DE8}") = "Xamarin", "Xamarin", "{AF0FE0EF-7A16-4357-849D-F3A588D9619D}"
EndProject
Project("{2150E333-8FDC-42A3-9474-1A3956D46DE8}") = "WPF", "WPF", "{B21BBCF0-6074-4577-9264-FB5FCCD44A04}"
EndProject
Project("{2150E333-8FDC-42A3-9474-1A3956D46DE8}") = "UWP", "UWP", "{9DD5397D-6101-44D3-A956-D13E1F84DE0C}"
EndProject
Project("{2150E333-8FDC-42A3-9474-1A3956D46DE8}") = "NETCore", "NETCore", "{9410B65B-5151-4B5E-82FF-BB157F3B0C3E}"
EndProject
Project("{2150E333-8FDC-42A3-9474-1A3956D46DE8}") = "NETStandard", "NETStandard", "{894AAE71-9A31-4817-9C1A-C3CBE7B3E199}"
EndProject
Project("{2150E333-8FDC-42A3-9474-1A3956D46DE8}") = "Xamarin", "Xamarin", "{BDC23D54-2906-409C-BBD0-7480AFE688B7}"
EndProject
Project("{FAE04EC0-301F-11D3-BF4B-00C04F79EFBC}") = "XamTest.Android", "XamTest\XamTest.Android\XamTest.Android.csproj", "{32B73B8C-2F98-4052-8464-F420A53A293B}"
EndProject
Project("{9A19103F-16F7-4668-BE54-9A1E7A4F7556}") = "XamTest", "XamTest\XamTest\XamTest.csproj", "{E28D2F79-EF5C-4A44-972F-20FA5C9337CD}"
EndProject
Project("{9A19103F-16F7-4668-BE54-9A1E7A4F7556}") = "Jara.Xaml.ControlExtensions.Xamarin", "JaraIOExtensionsXamarin\Jara.Xaml.ControlExtensions.Xamarin.csproj", "{C5235E62-6020-4C35-849B-A1FC3D28DF4A}"
EndProject
Project("{9A19103F-16F7-4668-BE54-9A1E7A4F7556}") = "Jara.Xaml.ControlExtensions.NetCore", "JaraIOExtensionsNetCore\Jara.Xaml.ControlExtensions.NetCore.csproj", "{9BDAA94C-6772-47FD-A79A-2DA6436A03AD}"
EndProject
Project("{2150E333-8FDC-42A3-9474-1A3956D46DE8}") = "WPFCore", "WPFCore", "{03CD1832-DD94-44CA-86AB-5569C4257654}"
EndProject
Project("{9A19103F-16F7-4668-BE54-9A1E7A4F7556}") = "WpfCoreTest", "WpfCoreTest\WpfCoreTest.csproj", "{8B46BA17-BAE3-46B7-9BA9-89FDF9F7302C}"
EndProject
Project("{2150E333-8FDC-42A3-9474-1A3956D46DE8}") = "UWP", "UWP", "{2FB59DAC-8069-4574-841D-A47E433694A5}"
EndProject
Project("{FAE04EC0-301F-11D3-BF4B-00C04F79EFBC}") = "WpfTest", "WpfTest\WpfTest.csproj", "{04718DED-8EA9-491E-9EC6-CCADC4F3C011}"
EndProject
Project("{FAE04EC0-301F-11D3-BF4B-00C04F79EFBC}") = "UwpTest", "UwpTest\UwpTest.csproj", "{3885FC2E-E555-4D3D-88CC-AD6718FC0E36}"
EndProject
Project("{9A19103F-16F7-4668-BE54-9A1E7A4F7556}") = "Jara.Xaml.ControlExtensions.NetStandard", "JaraIOExtensionsNetStandard\Jara.Xaml.ControlExtensions.NetStandard.csproj", "{BAFFB44C-A402-4977-A066-AB1AF02EC21E}"
EndProject
Project("{9A19103F-16F7-4668-BE54-9A1E7A4F7556}") = "Jara.Xaml.ControlExtensions.UWP", "JaraIOExtensionsUWP\Jara.Xaml.ControlExtensions.UWP.csproj", "{C1A45DD1-BFD1-4617-8297-C42AD9E0A331}"
EndProject
Global
	GlobalSection(SolutionConfigurationPlatforms) = preSolution
		Debug|Any CPU = Debug|Any CPU
		Debug|ARM = Debug|ARM
		Debug|ARM64 = Debug|ARM64
		Debug|x64 = Debug|x64
		Debug|x86 = Debug|x86
		Release|Any CPU = Release|Any CPU
		Release|ARM = Release|ARM
		Release|ARM64 = Release|ARM64
		Release|x64 = Release|x64
		Release|x86 = Release|x86
	EndGlobalSection
	GlobalSection(ProjectConfigurationPlatforms) = postSolution
		{98601D63-582C-4BB8-A829-9D26E6A0F0E1}.Debug|Any CPU.ActiveCfg = Debug|Any CPU
		{98601D63-582C-4BB8-A829-9D26E6A0F0E1}.Debug|Any CPU.Build.0 = Debug|Any CPU
		{98601D63-582C-4BB8-A829-9D26E6A0F0E1}.Debug|ARM.ActiveCfg = Debug|Any CPU
		{98601D63-582C-4BB8-A829-9D26E6A0F0E1}.Debug|ARM.Build.0 = Debug|Any CPU
		{98601D63-582C-4BB8-A829-9D26E6A0F0E1}.Debug|ARM64.ActiveCfg = Debug|Any CPU
		{98601D63-582C-4BB8-A829-9D26E6A0F0E1}.Debug|ARM64.Build.0 = Debug|Any CPU
		{98601D63-582C-4BB8-A829-9D26E6A0F0E1}.Debug|x64.ActiveCfg = Debug|Any CPU
		{98601D63-582C-4BB8-A829-9D26E6A0F0E1}.Debug|x64.Build.0 = Debug|Any CPU
		{98601D63-582C-4BB8-A829-9D26E6A0F0E1}.Debug|x86.ActiveCfg = Debug|Any CPU
		{98601D63-582C-4BB8-A829-9D26E6A0F0E1}.Debug|x86.Build.0 = Debug|Any CPU
		{98601D63-582C-4BB8-A829-9D26E6A0F0E1}.Release|Any CPU.ActiveCfg = Release|Any CPU
		{98601D63-582C-4BB8-A829-9D26E6A0F0E1}.Release|Any CPU.Build.0 = Release|Any CPU
		{98601D63-582C-4BB8-A829-9D26E6A0F0E1}.Release|ARM.ActiveCfg = Release|Any CPU
		{98601D63-582C-4BB8-A829-9D26E6A0F0E1}.Release|ARM.Build.0 = Release|Any CPU
		{98601D63-582C-4BB8-A829-9D26E6A0F0E1}.Release|ARM64.ActiveCfg = Release|Any CPU
		{98601D63-582C-4BB8-A829-9D26E6A0F0E1}.Release|ARM64.Build.0 = Release|Any CPU
		{98601D63-582C-4BB8-A829-9D26E6A0F0E1}.Release|x64.ActiveCfg = Release|Any CPU
		{98601D63-582C-4BB8-A829-9D26E6A0F0E1}.Release|x64.Build.0 = Release|Any CPU
		{98601D63-582C-4BB8-A829-9D26E6A0F0E1}.Release|x86.ActiveCfg = Release|Any CPU
		{98601D63-582C-4BB8-A829-9D26E6A0F0E1}.Release|x86.Build.0 = Release|Any CPU
		{32B73B8C-2F98-4052-8464-F420A53A293B}.Debug|Any CPU.ActiveCfg = Debug|Any CPU
		{32B73B8C-2F98-4052-8464-F420A53A293B}.Debug|Any CPU.Build.0 = Debug|Any CPU
		{32B73B8C-2F98-4052-8464-F420A53A293B}.Debug|Any CPU.Deploy.0 = Debug|Any CPU
		{32B73B8C-2F98-4052-8464-F420A53A293B}.Debug|ARM.ActiveCfg = Debug|Any CPU
		{32B73B8C-2F98-4052-8464-F420A53A293B}.Debug|ARM.Build.0 = Debug|Any CPU
		{32B73B8C-2F98-4052-8464-F420A53A293B}.Debug|ARM.Deploy.0 = Debug|Any CPU
		{32B73B8C-2F98-4052-8464-F420A53A293B}.Debug|ARM64.ActiveCfg = Debug|Any CPU
		{32B73B8C-2F98-4052-8464-F420A53A293B}.Debug|ARM64.Build.0 = Debug|Any CPU
		{32B73B8C-2F98-4052-8464-F420A53A293B}.Debug|ARM64.Deploy.0 = Debug|Any CPU
		{32B73B8C-2F98-4052-8464-F420A53A293B}.Debug|x64.ActiveCfg = Debug|Any CPU
		{32B73B8C-2F98-4052-8464-F420A53A293B}.Debug|x64.Build.0 = Debug|Any CPU
		{32B73B8C-2F98-4052-8464-F420A53A293B}.Debug|x64.Deploy.0 = Debug|Any CPU
		{32B73B8C-2F98-4052-8464-F420A53A293B}.Debug|x86.ActiveCfg = Debug|Any CPU
		{32B73B8C-2F98-4052-8464-F420A53A293B}.Debug|x86.Build.0 = Debug|Any CPU
		{32B73B8C-2F98-4052-8464-F420A53A293B}.Debug|x86.Deploy.0 = Debug|Any CPU
		{32B73B8C-2F98-4052-8464-F420A53A293B}.Release|Any CPU.ActiveCfg = Release|Any CPU
		{32B73B8C-2F98-4052-8464-F420A53A293B}.Release|Any CPU.Build.0 = Release|Any CPU
		{32B73B8C-2F98-4052-8464-F420A53A293B}.Release|Any CPU.Deploy.0 = Release|Any CPU
		{32B73B8C-2F98-4052-8464-F420A53A293B}.Release|ARM.ActiveCfg = Release|Any CPU
		{32B73B8C-2F98-4052-8464-F420A53A293B}.Release|ARM.Build.0 = Release|Any CPU
		{32B73B8C-2F98-4052-8464-F420A53A293B}.Release|ARM.Deploy.0 = Release|Any CPU
		{32B73B8C-2F98-4052-8464-F420A53A293B}.Release|ARM64.ActiveCfg = Release|Any CPU
		{32B73B8C-2F98-4052-8464-F420A53A293B}.Release|ARM64.Build.0 = Release|Any CPU
		{32B73B8C-2F98-4052-8464-F420A53A293B}.Release|ARM64.Deploy.0 = Release|Any CPU
		{32B73B8C-2F98-4052-8464-F420A53A293B}.Release|x64.ActiveCfg = Release|Any CPU
		{32B73B8C-2F98-4052-8464-F420A53A293B}.Release|x64.Build.0 = Release|Any CPU
		{32B73B8C-2F98-4052-8464-F420A53A293B}.Release|x64.Deploy.0 = Release|Any CPU
		{32B73B8C-2F98-4052-8464-F420A53A293B}.Release|x86.ActiveCfg = Release|Any CPU
		{32B73B8C-2F98-4052-8464-F420A53A293B}.Release|x86.Build.0 = Release|Any CPU
		{32B73B8C-2F98-4052-8464-F420A53A293B}.Release|x86.Deploy.0 = Release|Any CPU
		{E28D2F79-EF5C-4A44-972F-20FA5C9337CD}.Debug|Any CPU.ActiveCfg = Debug|Any CPU
		{E28D2F79-EF5C-4A44-972F-20FA5C9337CD}.Debug|Any CPU.Build.0 = Debug|Any CPU
		{E28D2F79-EF5C-4A44-972F-20FA5C9337CD}.Debug|ARM.ActiveCfg = Debug|Any CPU
		{E28D2F79-EF5C-4A44-972F-20FA5C9337CD}.Debug|ARM.Build.0 = Debug|Any CPU
		{E28D2F79-EF5C-4A44-972F-20FA5C9337CD}.Debug|ARM64.ActiveCfg = Debug|Any CPU
		{E28D2F79-EF5C-4A44-972F-20FA5C9337CD}.Debug|ARM64.Build.0 = Debug|Any CPU
		{E28D2F79-EF5C-4A44-972F-20FA5C9337CD}.Debug|x64.ActiveCfg = Debug|Any CPU
		{E28D2F79-EF5C-4A44-972F-20FA5C9337CD}.Debug|x64.Build.0 = Debug|Any CPU
		{E28D2F79-EF5C-4A44-972F-20FA5C9337CD}.Debug|x86.ActiveCfg = Debug|Any CPU
		{E28D2F79-EF5C-4A44-972F-20FA5C9337CD}.Debug|x86.Build.0 = Debug|Any CPU
		{E28D2F79-EF5C-4A44-972F-20FA5C9337CD}.Release|Any CPU.ActiveCfg = Release|Any CPU
		{E28D2F79-EF5C-4A44-972F-20FA5C9337CD}.Release|Any CPU.Build.0 = Release|Any CPU
		{E28D2F79-EF5C-4A44-972F-20FA5C9337CD}.Release|ARM.ActiveCfg = Release|Any CPU
		{E28D2F79-EF5C-4A44-972F-20FA5C9337CD}.Release|ARM.Build.0 = Release|Any CPU
		{E28D2F79-EF5C-4A44-972F-20FA5C9337CD}.Release|ARM64.ActiveCfg = Release|Any CPU
		{E28D2F79-EF5C-4A44-972F-20FA5C9337CD}.Release|ARM64.Build.0 = Release|Any CPU
		{E28D2F79-EF5C-4A44-972F-20FA5C9337CD}.Release|x64.ActiveCfg = Release|Any CPU
		{E28D2F79-EF5C-4A44-972F-20FA5C9337CD}.Release|x64.Build.0 = Release|Any CPU
		{E28D2F79-EF5C-4A44-972F-20FA5C9337CD}.Release|x86.ActiveCfg = Release|Any CPU
		{E28D2F79-EF5C-4A44-972F-20FA5C9337CD}.Release|x86.Build.0 = Release|Any CPU
		{C5235E62-6020-4C35-849B-A1FC3D28DF4A}.Debug|Any CPU.ActiveCfg = Debug|Any CPU
		{C5235E62-6020-4C35-849B-A1FC3D28DF4A}.Debug|Any CPU.Build.0 = Debug|Any CPU
		{C5235E62-6020-4C35-849B-A1FC3D28DF4A}.Debug|ARM.ActiveCfg = Debug|Any CPU
		{C5235E62-6020-4C35-849B-A1FC3D28DF4A}.Debug|ARM.Build.0 = Debug|Any CPU
		{C5235E62-6020-4C35-849B-A1FC3D28DF4A}.Debug|ARM64.ActiveCfg = Debug|Any CPU
		{C5235E62-6020-4C35-849B-A1FC3D28DF4A}.Debug|ARM64.Build.0 = Debug|Any CPU
		{C5235E62-6020-4C35-849B-A1FC3D28DF4A}.Debug|x64.ActiveCfg = Debug|Any CPU
		{C5235E62-6020-4C35-849B-A1FC3D28DF4A}.Debug|x64.Build.0 = Debug|Any CPU
		{C5235E62-6020-4C35-849B-A1FC3D28DF4A}.Debug|x86.ActiveCfg = Debug|Any CPU
		{C5235E62-6020-4C35-849B-A1FC3D28DF4A}.Debug|x86.Build.0 = Debug|Any CPU
		{C5235E62-6020-4C35-849B-A1FC3D28DF4A}.Release|Any CPU.ActiveCfg = Release|Any CPU
		{C5235E62-6020-4C35-849B-A1FC3D28DF4A}.Release|Any CPU.Build.0 = Release|Any CPU
		{C5235E62-6020-4C35-849B-A1FC3D28DF4A}.Release|ARM.ActiveCfg = Release|Any CPU
		{C5235E62-6020-4C35-849B-A1FC3D28DF4A}.Release|ARM.Build.0 = Release|Any CPU
		{C5235E62-6020-4C35-849B-A1FC3D28DF4A}.Release|ARM64.ActiveCfg = Release|Any CPU
		{C5235E62-6020-4C35-849B-A1FC3D28DF4A}.Release|ARM64.Build.0 = Release|Any CPU
		{C5235E62-6020-4C35-849B-A1FC3D28DF4A}.Release|x64.ActiveCfg = Release|Any CPU
		{C5235E62-6020-4C35-849B-A1FC3D28DF4A}.Release|x64.Build.0 = Release|Any CPU
		{C5235E62-6020-4C35-849B-A1FC3D28DF4A}.Release|x86.ActiveCfg = Release|Any CPU
		{C5235E62-6020-4C35-849B-A1FC3D28DF4A}.Release|x86.Build.0 = Release|Any CPU
		{9BDAA94C-6772-47FD-A79A-2DA6436A03AD}.Debug|Any CPU.ActiveCfg = Debug|Any CPU
		{9BDAA94C-6772-47FD-A79A-2DA6436A03AD}.Debug|Any CPU.Build.0 = Debug|Any CPU
		{9BDAA94C-6772-47FD-A79A-2DA6436A03AD}.Debug|ARM.ActiveCfg = Debug|Any CPU
		{9BDAA94C-6772-47FD-A79A-2DA6436A03AD}.Debug|ARM.Build.0 = Debug|Any CPU
		{9BDAA94C-6772-47FD-A79A-2DA6436A03AD}.Debug|ARM64.ActiveCfg = Debug|Any CPU
		{9BDAA94C-6772-47FD-A79A-2DA6436A03AD}.Debug|ARM64.Build.0 = Debug|Any CPU
		{9BDAA94C-6772-47FD-A79A-2DA6436A03AD}.Debug|x64.ActiveCfg = Debug|Any CPU
		{9BDAA94C-6772-47FD-A79A-2DA6436A03AD}.Debug|x64.Build.0 = Debug|Any CPU
		{9BDAA94C-6772-47FD-A79A-2DA6436A03AD}.Debug|x86.ActiveCfg = Debug|Any CPU
		{9BDAA94C-6772-47FD-A79A-2DA6436A03AD}.Debug|x86.Build.0 = Debug|Any CPU
		{9BDAA94C-6772-47FD-A79A-2DA6436A03AD}.Release|Any CPU.ActiveCfg = Release|Any CPU
		{9BDAA94C-6772-47FD-A79A-2DA6436A03AD}.Release|Any CPU.Build.0 = Release|Any CPU
		{9BDAA94C-6772-47FD-A79A-2DA6436A03AD}.Release|ARM.ActiveCfg = Release|Any CPU
		{9BDAA94C-6772-47FD-A79A-2DA6436A03AD}.Release|ARM.Build.0 = Release|Any CPU
		{9BDAA94C-6772-47FD-A79A-2DA6436A03AD}.Release|ARM64.ActiveCfg = Release|Any CPU
		{9BDAA94C-6772-47FD-A79A-2DA6436A03AD}.Release|ARM64.Build.0 = Release|Any CPU
		{9BDAA94C-6772-47FD-A79A-2DA6436A03AD}.Release|x64.ActiveCfg = Release|Any CPU
		{9BDAA94C-6772-47FD-A79A-2DA6436A03AD}.Release|x64.Build.0 = Release|Any CPU
		{9BDAA94C-6772-47FD-A79A-2DA6436A03AD}.Release|x86.ActiveCfg = Release|Any CPU
		{9BDAA94C-6772-47FD-A79A-2DA6436A03AD}.Release|x86.Build.0 = Release|Any CPU
		{8B46BA17-BAE3-46B7-9BA9-89FDF9F7302C}.Debug|Any CPU.ActiveCfg = Debug|Any CPU
		{8B46BA17-BAE3-46B7-9BA9-89FDF9F7302C}.Debug|Any CPU.Build.0 = Debug|Any CPU
		{8B46BA17-BAE3-46B7-9BA9-89FDF9F7302C}.Debug|ARM.ActiveCfg = Debug|Any CPU
		{8B46BA17-BAE3-46B7-9BA9-89FDF9F7302C}.Debug|ARM.Build.0 = Debug|Any CPU
		{8B46BA17-BAE3-46B7-9BA9-89FDF9F7302C}.Debug|ARM64.ActiveCfg = Debug|Any CPU
		{8B46BA17-BAE3-46B7-9BA9-89FDF9F7302C}.Debug|ARM64.Build.0 = Debug|Any CPU
		{8B46BA17-BAE3-46B7-9BA9-89FDF9F7302C}.Debug|x64.ActiveCfg = Debug|Any CPU
		{8B46BA17-BAE3-46B7-9BA9-89FDF9F7302C}.Debug|x64.Build.0 = Debug|Any CPU
		{8B46BA17-BAE3-46B7-9BA9-89FDF9F7302C}.Debug|x86.ActiveCfg = Debug|Any CPU
		{8B46BA17-BAE3-46B7-9BA9-89FDF9F7302C}.Debug|x86.Build.0 = Debug|Any CPU
		{8B46BA17-BAE3-46B7-9BA9-89FDF9F7302C}.Release|Any CPU.ActiveCfg = Release|Any CPU
		{8B46BA17-BAE3-46B7-9BA9-89FDF9F7302C}.Release|Any CPU.Build.0 = Release|Any CPU
		{8B46BA17-BAE3-46B7-9BA9-89FDF9F7302C}.Release|ARM.ActiveCfg = Release|Any CPU
		{8B46BA17-BAE3-46B7-9BA9-89FDF9F7302C}.Release|ARM.Build.0 = Release|Any CPU
		{8B46BA17-BAE3-46B7-9BA9-89FDF9F7302C}.Release|ARM64.ActiveCfg = Release|Any CPU
		{8B46BA17-BAE3-46B7-9BA9-89FDF9F7302C}.Release|ARM64.Build.0 = Release|Any CPU
		{8B46BA17-BAE3-46B7-9BA9-89FDF9F7302C}.Release|x64.ActiveCfg = Release|Any CPU
		{8B46BA17-BAE3-46B7-9BA9-89FDF9F7302C}.Release|x64.Build.0 = Release|Any CPU
		{8B46BA17-BAE3-46B7-9BA9-89FDF9F7302C}.Release|x86.ActiveCfg = Release|Any CPU
		{8B46BA17-BAE3-46B7-9BA9-89FDF9F7302C}.Release|x86.Build.0 = Release|Any CPU
		{04718DED-8EA9-491E-9EC6-CCADC4F3C011}.Debug|Any CPU.ActiveCfg = Debug|Any CPU
		{04718DED-8EA9-491E-9EC6-CCADC4F3C011}.Debug|Any CPU.Build.0 = Debug|Any CPU
		{04718DED-8EA9-491E-9EC6-CCADC4F3C011}.Debug|ARM.ActiveCfg = Debug|Any CPU
		{04718DED-8EA9-491E-9EC6-CCADC4F3C011}.Debug|ARM.Build.0 = Debug|Any CPU
		{04718DED-8EA9-491E-9EC6-CCADC4F3C011}.Debug|ARM64.ActiveCfg = Debug|Any CPU
		{04718DED-8EA9-491E-9EC6-CCADC4F3C011}.Debug|ARM64.Build.0 = Debug|Any CPU
		{04718DED-8EA9-491E-9EC6-CCADC4F3C011}.Debug|x64.ActiveCfg = Debug|Any CPU
		{04718DED-8EA9-491E-9EC6-CCADC4F3C011}.Debug|x64.Build.0 = Debug|Any CPU
		{04718DED-8EA9-491E-9EC6-CCADC4F3C011}.Debug|x86.ActiveCfg = Debug|Any CPU
		{04718DED-8EA9-491E-9EC6-CCADC4F3C011}.Debug|x86.Build.0 = Debug|Any CPU
		{04718DED-8EA9-491E-9EC6-CCADC4F3C011}.Release|Any CPU.ActiveCfg = Release|Any CPU
		{04718DED-8EA9-491E-9EC6-CCADC4F3C011}.Release|Any CPU.Build.0 = Release|Any CPU
		{04718DED-8EA9-491E-9EC6-CCADC4F3C011}.Release|ARM.ActiveCfg = Release|Any CPU
		{04718DED-8EA9-491E-9EC6-CCADC4F3C011}.Release|ARM.Build.0 = Release|Any CPU
		{04718DED-8EA9-491E-9EC6-CCADC4F3C011}.Release|ARM64.ActiveCfg = Release|Any CPU
		{04718DED-8EA9-491E-9EC6-CCADC4F3C011}.Release|ARM64.Build.0 = Release|Any CPU
		{04718DED-8EA9-491E-9EC6-CCADC4F3C011}.Release|x64.ActiveCfg = Release|Any CPU
		{04718DED-8EA9-491E-9EC6-CCADC4F3C011}.Release|x64.Build.0 = Release|Any CPU
		{04718DED-8EA9-491E-9EC6-CCADC4F3C011}.Release|x86.ActiveCfg = Release|Any CPU
		{04718DED-8EA9-491E-9EC6-CCADC4F3C011}.Release|x86.Build.0 = Release|Any CPU
		{3885FC2E-E555-4D3D-88CC-AD6718FC0E36}.Debug|Any CPU.ActiveCfg = Debug|x86
		{3885FC2E-E555-4D3D-88CC-AD6718FC0E36}.Debug|ARM.ActiveCfg = Debug|ARM
		{3885FC2E-E555-4D3D-88CC-AD6718FC0E36}.Debug|ARM.Build.0 = Debug|ARM
		{3885FC2E-E555-4D3D-88CC-AD6718FC0E36}.Debug|ARM.Deploy.0 = Debug|ARM
		{3885FC2E-E555-4D3D-88CC-AD6718FC0E36}.Debug|ARM64.ActiveCfg = Debug|ARM64
		{3885FC2E-E555-4D3D-88CC-AD6718FC0E36}.Debug|ARM64.Build.0 = Debug|ARM64
		{3885FC2E-E555-4D3D-88CC-AD6718FC0E36}.Debug|ARM64.Deploy.0 = Debug|ARM64
		{3885FC2E-E555-4D3D-88CC-AD6718FC0E36}.Debug|x64.ActiveCfg = Debug|x64
		{3885FC2E-E555-4D3D-88CC-AD6718FC0E36}.Debug|x64.Build.0 = Debug|x64
		{3885FC2E-E555-4D3D-88CC-AD6718FC0E36}.Debug|x64.Deploy.0 = Debug|x64
		{3885FC2E-E555-4D3D-88CC-AD6718FC0E36}.Debug|x86.ActiveCfg = Debug|x86
		{3885FC2E-E555-4D3D-88CC-AD6718FC0E36}.Debug|x86.Build.0 = Debug|x86
		{3885FC2E-E555-4D3D-88CC-AD6718FC0E36}.Debug|x86.Deploy.0 = Debug|x86
		{3885FC2E-E555-4D3D-88CC-AD6718FC0E36}.Release|Any CPU.ActiveCfg = Release|x86
		{3885FC2E-E555-4D3D-88CC-AD6718FC0E36}.Release|ARM.ActiveCfg = Release|ARM
		{3885FC2E-E555-4D3D-88CC-AD6718FC0E36}.Release|ARM.Build.0 = Release|ARM
		{3885FC2E-E555-4D3D-88CC-AD6718FC0E36}.Release|ARM.Deploy.0 = Release|ARM
		{3885FC2E-E555-4D3D-88CC-AD6718FC0E36}.Release|ARM64.ActiveCfg = Release|ARM64
		{3885FC2E-E555-4D3D-88CC-AD6718FC0E36}.Release|ARM64.Build.0 = Release|ARM64
		{3885FC2E-E555-4D3D-88CC-AD6718FC0E36}.Release|ARM64.Deploy.0 = Release|ARM64
		{3885FC2E-E555-4D3D-88CC-AD6718FC0E36}.Release|x64.ActiveCfg = Release|x64
		{3885FC2E-E555-4D3D-88CC-AD6718FC0E36}.Release|x64.Build.0 = Release|x64
		{3885FC2E-E555-4D3D-88CC-AD6718FC0E36}.Release|x64.Deploy.0 = Release|x64
		{3885FC2E-E555-4D3D-88CC-AD6718FC0E36}.Release|x86.ActiveCfg = Release|x86
		{3885FC2E-E555-4D3D-88CC-AD6718FC0E36}.Release|x86.Build.0 = Release|x86
		{3885FC2E-E555-4D3D-88CC-AD6718FC0E36}.Release|x86.Deploy.0 = Release|x86
		{BAFFB44C-A402-4977-A066-AB1AF02EC21E}.Debug|Any CPU.ActiveCfg = Debug|Any CPU
		{BAFFB44C-A402-4977-A066-AB1AF02EC21E}.Debug|Any CPU.Build.0 = Debug|Any CPU
		{BAFFB44C-A402-4977-A066-AB1AF02EC21E}.Debug|ARM.ActiveCfg = Debug|Any CPU
		{BAFFB44C-A402-4977-A066-AB1AF02EC21E}.Debug|ARM.Build.0 = Debug|Any CPU
		{BAFFB44C-A402-4977-A066-AB1AF02EC21E}.Debug|ARM64.ActiveCfg = Debug|Any CPU
		{BAFFB44C-A402-4977-A066-AB1AF02EC21E}.Debug|ARM64.Build.0 = Debug|Any CPU
		{BAFFB44C-A402-4977-A066-AB1AF02EC21E}.Debug|x64.ActiveCfg = Debug|Any CPU
		{BAFFB44C-A402-4977-A066-AB1AF02EC21E}.Debug|x64.Build.0 = Debug|Any CPU
		{BAFFB44C-A402-4977-A066-AB1AF02EC21E}.Debug|x86.ActiveCfg = Debug|Any CPU
		{BAFFB44C-A402-4977-A066-AB1AF02EC21E}.Debug|x86.Build.0 = Debug|Any CPU
		{BAFFB44C-A402-4977-A066-AB1AF02EC21E}.Release|Any CPU.ActiveCfg = Release|Any CPU
		{BAFFB44C-A402-4977-A066-AB1AF02EC21E}.Release|Any CPU.Build.0 = Release|Any CPU
		{BAFFB44C-A402-4977-A066-AB1AF02EC21E}.Release|ARM.ActiveCfg = Release|Any CPU
		{BAFFB44C-A402-4977-A066-AB1AF02EC21E}.Release|ARM.Build.0 = Release|Any CPU
		{BAFFB44C-A402-4977-A066-AB1AF02EC21E}.Release|ARM64.ActiveCfg = Release|Any CPU
		{BAFFB44C-A402-4977-A066-AB1AF02EC21E}.Release|ARM64.Build.0 = Release|Any CPU
		{BAFFB44C-A402-4977-A066-AB1AF02EC21E}.Release|x64.ActiveCfg = Release|Any CPU
		{BAFFB44C-A402-4977-A066-AB1AF02EC21E}.Release|x64.Build.0 = Release|Any CPU
		{BAFFB44C-A402-4977-A066-AB1AF02EC21E}.Release|x86.ActiveCfg = Release|Any CPU
		{BAFFB44C-A402-4977-A066-AB1AF02EC21E}.Release|x86.Build.0 = Release|Any CPU
		{C1A45DD1-BFD1-4617-8297-C42AD9E0A331}.Debug|Any CPU.ActiveCfg = Debug|Any CPU
		{C1A45DD1-BFD1-4617-8297-C42AD9E0A331}.Debug|Any CPU.Build.0 = Debug|Any CPU
		{C1A45DD1-BFD1-4617-8297-C42AD9E0A331}.Debug|ARM.ActiveCfg = Debug|Any CPU
		{C1A45DD1-BFD1-4617-8297-C42AD9E0A331}.Debug|ARM.Build.0 = Debug|Any CPU
		{C1A45DD1-BFD1-4617-8297-C42AD9E0A331}.Debug|ARM64.ActiveCfg = Debug|Any CPU
		{C1A45DD1-BFD1-4617-8297-C42AD9E0A331}.Debug|ARM64.Build.0 = Debug|Any CPU
		{C1A45DD1-BFD1-4617-8297-C42AD9E0A331}.Debug|x64.ActiveCfg = Debug|Any CPU
		{C1A45DD1-BFD1-4617-8297-C42AD9E0A331}.Debug|x64.Build.0 = Debug|Any CPU
		{C1A45DD1-BFD1-4617-8297-C42AD9E0A331}.Debug|x86.ActiveCfg = Debug|Any CPU
		{C1A45DD1-BFD1-4617-8297-C42AD9E0A331}.Debug|x86.Build.0 = Debug|Any CPU
		{C1A45DD1-BFD1-4617-8297-C42AD9E0A331}.Release|Any CPU.ActiveCfg = Release|Any CPU
		{C1A45DD1-BFD1-4617-8297-C42AD9E0A331}.Release|Any CPU.Build.0 = Release|Any CPU
		{C1A45DD1-BFD1-4617-8297-C42AD9E0A331}.Release|ARM.ActiveCfg = Release|Any CPU
		{C1A45DD1-BFD1-4617-8297-C42AD9E0A331}.Release|ARM.Build.0 = Release|Any CPU
		{C1A45DD1-BFD1-4617-8297-C42AD9E0A331}.Release|ARM64.ActiveCfg = Release|Any CPU
		{C1A45DD1-BFD1-4617-8297-C42AD9E0A331}.Release|ARM64.Build.0 = Release|Any CPU
		{C1A45DD1-BFD1-4617-8297-C42AD9E0A331}.Release|x64.ActiveCfg = Release|Any CPU
		{C1A45DD1-BFD1-4617-8297-C42AD9E0A331}.Release|x64.Build.0 = Release|Any CPU
		{C1A45DD1-BFD1-4617-8297-C42AD9E0A331}.Release|x86.ActiveCfg = Release|Any CPU
		{C1A45DD1-BFD1-4617-8297-C42AD9E0A331}.Release|x86.Build.0 = Release|Any CPU
	EndGlobalSection
	GlobalSection(SolutionProperties) = preSolution
		HideSolutionNode = FALSE
	EndGlobalSection
	GlobalSection(NestedProjects) = preSolution
		{AF0FE0EF-7A16-4357-849D-F3A588D9619D} = {07977804-5069-4C88-B9B4-6114F6120F97}
		{B21BBCF0-6074-4577-9264-FB5FCCD44A04} = {07977804-5069-4C88-B9B4-6114F6120F97}
		{9DD5397D-6101-44D3-A956-D13E1F84DE0C} = {07977804-5069-4C88-B9B4-6114F6120F97}
		{9410B65B-5151-4B5E-82FF-BB157F3B0C3E} = {8AA055A6-42E1-42D8-8EA6-B2031CC4D322}
		{894AAE71-9A31-4817-9C1A-C3CBE7B3E199} = {8AA055A6-42E1-42D8-8EA6-B2031CC4D322}
		{BDC23D54-2906-409C-BBD0-7480AFE688B7} = {8AA055A6-42E1-42D8-8EA6-B2031CC4D322}
		{32B73B8C-2F98-4052-8464-F420A53A293B} = {AF0FE0EF-7A16-4357-849D-F3A588D9619D}
		{E28D2F79-EF5C-4A44-972F-20FA5C9337CD} = {AF0FE0EF-7A16-4357-849D-F3A588D9619D}
		{C5235E62-6020-4C35-849B-A1FC3D28DF4A} = {BDC23D54-2906-409C-BBD0-7480AFE688B7}
		{9BDAA94C-6772-47FD-A79A-2DA6436A03AD} = {9410B65B-5151-4B5E-82FF-BB157F3B0C3E}
		{03CD1832-DD94-44CA-86AB-5569C4257654} = {07977804-5069-4C88-B9B4-6114F6120F97}
		{8B46BA17-BAE3-46B7-9BA9-89FDF9F7302C} = {03CD1832-DD94-44CA-86AB-5569C4257654}
		{2FB59DAC-8069-4574-841D-A47E433694A5} = {8AA055A6-42E1-42D8-8EA6-B2031CC4D322}
		{04718DED-8EA9-491E-9EC6-CCADC4F3C011} = {B21BBCF0-6074-4577-9264-FB5FCCD44A04}
		{3885FC2E-E555-4D3D-88CC-AD6718FC0E36} = {9DD5397D-6101-44D3-A956-D13E1F84DE0C}
		{BAFFB44C-A402-4977-A066-AB1AF02EC21E} = {894AAE71-9A31-4817-9C1A-C3CBE7B3E199}
		{C1A45DD1-BFD1-4617-8297-C42AD9E0A331} = {2FB59DAC-8069-4574-841D-A47E433694A5}
	EndGlobalSection
	GlobalSection(ExtensibilityGlobals) = postSolution
		SolutionGuid = {1FA08608-013C-4737-82CB-C69C39F5CA07}
	EndGlobalSection
EndGlobal
